
Microsoft Visual Studio Solution File, Format Version 12.00
# Visual Studio Version 17
VisualStudioVersion = 17.10.34916.146
MinimumVisualStudioVersion = 10.0.40219.1
Project("{FAE04EC0-301F-11D3-BF4B-00C04F79EFBC}") = "Deepnoid_Logger", "Deepnoid_Logger\Deepnoid_Logger.csproj", "{6E104893-35D1-4A5E-BCE6-967F4A267EA6}"
EndProject
Global
	GlobalSection(SolutionConfigurationPlatforms) = preSolution
		Debug|Any CPU = Debug|Any CPU
		Release|Any CPU = Release|Any CPU
	EndGlobalSection
	GlobalSection(ProjectConfigurationPlatforms) = postSolution
		{6E104893-35D1-4A5E-BCE6-967F4A267EA6}.Debug|Any CPU.ActiveCfg = Debug|Any CPU
		{6E104893-35D1-4A5E-BCE6-967F4A267EA6}.Debug|Any CPU.Build.0 = Debug|Any CPU
		{6E104893-35D1-4A5E-BCE6-967F4A267EA6}.Release|Any CPU.ActiveCfg = Release|Any CPU
		{6E104893-35D1-4A5E-BCE6-967F4A267EA6}.Release|Any CPU.Build.0 = Release|Any CPU
	EndGlobalSection
	GlobalSection(SolutionProperties) = preSolution
		HideSolutionNode = FALSE
	EndGlobalSection
	GlobalSection(ExtensibilityGlobals) = postSolution
		SolutionGuid = {7C0660A1-270C-4B0B-8E3B-079CC9F3BE01}
	EndGlobalSection
EndGlobal
