
Microsoft Visual Studio Solution File, Format Version 12.00
# Visual Studio Version 17
VisualStudioVersion = 17.12.35527.113
MinimumVisualStudioVersion = 10.0.40219.1
Project("{FAE04EC0-301F-11D3-BF4B-00C04F79EFBC}") = "Dll_Test", "Dll_Test\Dll_Test.csproj", "{CFFFD7EC-724D-4566-B3CD-5E4F64E79A12}"
	ProjectSection(ProjectDependencies) = postProject
		{1DFD5571-5B08-4946-906C-1082E941B117} = {1DFD5571-5B08-4946-906C-1082E941B117}
		{6E104893-35D1-4A5E-BCE6-967F4A267EA6} = {6E104893-35D1-4A5E-BCE6-967F4A267EA6}
		{8BAA6002-B8AA-41F1-AFEC-088397968819} = {8BAA6002-B8AA-41F1-AFEC-088397968819}
		{B7B8D866-E4BC-4063-9945-128B1DE46CCD} = {B7B8D866-E4BC-4063-9945-128B1DE46CCD}
		{DE6E6075-95B7-461D-83C6-5B6E47054539} = {DE6E6075-95B7-461D-83C6-5B6E47054539}
	EndProjectSection
EndProject
Project("{FAE04EC0-301F-11D3-BF4B-00C04F79EFBC}") = "Deepnoid_Logger", "Deepnoid_Logger\Deepnoid_Logger\Deepnoid_Logger.csproj", "{6E104893-35D1-4A5E-BCE6-967F4A267EA6}"
EndProject
Project("{FAE04EC0-301F-11D3-BF4B-00C04F79EFBC}") = "Deepnoid_MemoryMap", "Deepnoid_MemoryMap\Deepnoid_MemoryMap\Deepnoid_MemoryMap.csproj", "{DE6E6075-95B7-461D-83C6-5B6E47054539}"
EndProject
Project("{FAE04EC0-301F-11D3-BF4B-00C04F79EFBC}") = "Deepnoid_LoadingProcess", "Deepnoid_LoadingProcess\Deepnoid_LoadingProcess\Deepnoid_LoadingProcess.csproj", "{B7B8D866-E4BC-4063-9945-128B1DE46CCD}"
	ProjectSection(ProjectDependencies) = postProject
		{DE6E6075-95B7-461D-83C6-5B6E47054539} = {DE6E6075-95B7-461D-83C6-5B6E47054539}
	EndProjectSection
EndProject
Project("{FAE04EC0-301F-11D3-BF4B-00C04F79EFBC}") = "Deepnoid_Wait", "Deepnoid_Wait\Deepnoid_Wait\Deepnoid_Wait.csproj", "{8BAA6002-B8AA-41F1-AFEC-088397968819}"
	ProjectSection(ProjectDependencies) = postProject
		{DE6E6075-95B7-461D-83C6-5B6E47054539} = {DE6E6075-95B7-461D-83C6-5B6E47054539}
	EndProjectSection
EndProject
Project("{FAE04EC0-301F-11D3-BF4B-00C04F79EFBC}") = "Deepnoid_Communication", "Deepnoid_Communication\Deepnoid_Communication\Deepnoid_Communication.csproj", "{1DFD5571-5B08-4946-906C-1082E941B117}"
EndProject
Project("{FAE04EC0-301F-11D3-BF4B-00C04F79EFBC}") = "Deepnoid_PLC", "Deepnoid_PLC\Deepnoid_PLC\Deepnoid_PLC.csproj", "{3DA7CD09-B041-4C72-9BE1-5674443E5C38}"
EndProject
Project("{FAE04EC0-301F-11D3-BF4B-00C04F79EFBC}") = "Deepnoid_Sensor_Gocator", "Deepnoid_Sensor_Gocator\Deepnoid_Sensor_Gocator\Deepnoid_Sensor_Gocator.csproj", "{0D4274EA-1F07-4665-95B5-532E3DF8263C}"
EndProject
Project("{FAE04EC0-301F-11D3-BF4B-00C04F79EFBC}") = "Deepnoid_Sensor_Keyence_CL3", "Deepnoid_Sensor_Keyence_CL3\Deepnoid_Sensor_Keyence_CL3\Deepnoid_Sensor_Keyence_CL3.csproj", "{4AE2323A-C54E-47AA-9862-A690F6310590}"
EndProject
Project("{FAE04EC0-301F-11D3-BF4B-00C04F79EFBC}") = "Deepnoid_Sensor_Keyence_LJX8", "Deepnoid_Sensor_Keyence_LJX8\Deepnoid_Sensor_Keyence_LJX8\Deepnoid_Sensor_Keyence_LJX8.csproj", "{A371482D-5EE0-417A-BF8B-CCD440F2F9A6}"
EndProject
Global
	GlobalSection(SolutionConfigurationPlatforms) = preSolution
		Debug|x64 = Debug|x64
	EndGlobalSection
	GlobalSection(ProjectConfigurationPlatforms) = postSolution
		{CFFFD7EC-724D-4566-B3CD-5E4F64E79A12}.Debug|x64.ActiveCfg = Debug|x64
		{CFFFD7EC-724D-4566-B3CD-5E4F64E79A12}.Debug|x64.Build.0 = Debug|x64
		{6E104893-35D1-4A5E-BCE6-967F4A267EA6}.Debug|x64.ActiveCfg = Debug|Any CPU
		{6E104893-35D1-4A5E-BCE6-967F4A267EA6}.Debug|x64.Build.0 = Debug|Any CPU
		{DE6E6075-95B7-461D-83C6-5B6E47054539}.Debug|x64.ActiveCfg = Debug|Any CPU
		{DE6E6075-95B7-461D-83C6-5B6E47054539}.Debug|x64.Build.0 = Debug|Any CPU
		{B7B8D866-E4BC-4063-9945-128B1DE46CCD}.Debug|x64.ActiveCfg = Debug|Any CPU
		{B7B8D866-E4BC-4063-9945-128B1DE46CCD}.Debug|x64.Build.0 = Debug|Any CPU
		{8BAA6002-B8AA-41F1-AFEC-088397968819}.Debug|x64.ActiveCfg = Debug|Any CPU
		{8BAA6002-B8AA-41F1-AFEC-088397968819}.Debug|x64.Build.0 = Debug|Any CPU
		{1DFD5571-5B08-4946-906C-1082E941B117}.Debug|x64.ActiveCfg = Debug|x64
		{1DFD5571-5B08-4946-906C-1082E941B117}.Debug|x64.Build.0 = Debug|x64
		{3DA7CD09-B041-4C72-9BE1-5674443E5C38}.Debug|x64.ActiveCfg = Debug|x64
		{3DA7CD09-B041-4C72-9BE1-5674443E5C38}.Debug|x64.Build.0 = Debug|x64
		{0D4274EA-1F07-4665-95B5-532E3DF8263C}.Debug|x64.ActiveCfg = Debug|x64
		{0D4274EA-1F07-4665-95B5-532E3DF8263C}.Debug|x64.Build.0 = Debug|x64
		{4AE2323A-C54E-47AA-9862-A690F6310590}.Debug|x64.ActiveCfg = Debug|x64
		{4AE2323A-C54E-47AA-9862-A690F6310590}.Debug|x64.Build.0 = Debug|x64
		{A371482D-5EE0-417A-BF8B-CCD440F2F9A6}.Debug|x64.ActiveCfg = Debug|x64
		{A371482D-5EE0-417A-BF8B-CCD440F2F9A6}.Debug|x64.Build.0 = Debug|x64
	EndGlobalSection
	GlobalSection(SolutionProperties) = preSolution
		HideSolutionNode = FALSE
	EndGlobalSection
	GlobalSection(ExtensibilityGlobals) = postSolution
		SolutionGuid = {CD33ADB1-407C-47B1-9210-F5354E891AE4}
	EndGlobalSection
EndGlobal
